
Microsoft Visual Studio Solution File, Format Version 12.00
# Visual Studio Version 17
VisualStudioVersion = 17.2.32630.192
MinimumVisualStudioVersion = 10.0.40219.1
Project("{9A19103F-16F7-4668-BE54-9A1E7A4F7556}") = "MyTest", "MyTest.csproj", "{B0C9CA62-F260-4DD5-840A-CF4FFB130383}"
EndProject
Global
	GlobalSection(SolutionConfigurationPlatforms) = preSolution
		Debug|Any CPU = Debug|Any CPU
		Release|Any CPU = Release|Any CPU
	EndGlobalSection
	GlobalSection(ProjectConfigurationPlatforms) = postSolution
		{B0C9CA62-F260-4DD5-840A-CF4FFB130383}.Debug|Any CPU.ActiveCfg = Debug|Any CPU
		{B0C9CA62-F260-4DD5-840A-CF4FFB130383}.Debug|Any CPU.Build.0 = Debug|Any CPU
		{B0C9CA62-F260-4DD5-840A-CF4FFB130383}.Release|Any CPU.ActiveCfg = Release|Any CPU
		{B0C9CA62-F260-4DD5-840A-CF4FFB130383}.Release|Any CPU.Build.0 = Release|Any CPU
	EndGlobalSection
	GlobalSection(SolutionProperties) = preSolution
		HideSolutionNode = FALSE
	EndGlobalSection
	GlobalSection(ExtensibilityGlobals) = postSolution
		SolutionGuid = {75186A7C-860C-4C75-BA24-9CE5E141BD84}
	EndGlobalSection
EndGlobal
